
Microsoft Visual Studio Solution File, Format Version 12.00
# Visual Studio Version 16
VisualStudioVersion = 16.0.33529.622
MinimumVisualStudioVersion = 10.0.40219.1
Project("{FAE04EC0-301F-11D3-BF4B-00C04F79EFBC}") = "SteamCosmetics", "SteamCosmetics\SteamCosmetics.csproj", "{C353F114-3F42-4A8D-A3BB-3451B32D19FE}"
EndProject
Global
	GlobalSection(SolutionConfigurationPlatforms) = preSolution
		Debug|Any CPU = Debug|Any CPU
		Debug|x64 = Debug|x64
		Release|Any CPU = Release|Any CPU
		Release|x64 = Release|x64
	EndGlobalSection
	GlobalSection(ProjectConfigurationPlatforms) = postSolution
		{C353F114-3F42-4A8D-A3BB-3451B32D19FE}.Debug|Any CPU.ActiveCfg = Debug|Any CPU
		{C353F114-3F42-4A8D-A3BB-3451B32D19FE}.Debug|Any CPU.Build.0 = Debug|Any CPU
		{C353F114-3F42-4A8D-A3BB-3451B32D19FE}.Debug|x64.ActiveCfg = Debug|x64
		{C353F114-3F42-4A8D-A3BB-3451B32D19FE}.Debug|x64.Build.0 = Debug|x64
		{C353F114-3F42-4A8D-A3BB-3451B32D19FE}.Release|Any CPU.ActiveCfg = Release|Any CPU
		{C353F114-3F42-4A8D-A3BB-3451B32D19FE}.Release|Any CPU.Build.0 = Release|Any CPU
		{C353F114-3F42-4A8D-A3BB-3451B32D19FE}.Release|x64.ActiveCfg = Release|x64
		{C353F114-3F42-4A8D-A3BB-3451B32D19FE}.Release|x64.Build.0 = Release|x64
	EndGlobalSection
	GlobalSection(SolutionProperties) = preSolution
		HideSolutionNode = FALSE
	EndGlobalSection
	GlobalSection(ExtensibilityGlobals) = postSolution
		SolutionGuid = {D11793B3-FCDB-4A06-BEE1-6D6EA4C9265C}
	EndGlobalSection
EndGlobal
